
Microsoft Visual Studio Solution File, Format Version 12.00
# Visual Studio Version 17
VisualStudioVersion = 17.8.34316.72
MinimumVisualStudioVersion = 10.0.40219.1
Project("{FAE04EC0-301F-11D3-BF4B-00C04F79EFBC}") = "HealthyMeal.UWP", "HealthyMeal.UWP\HealthyMeal.UWP.csproj", "{DA55B8C7-0AB7-4BED-8C01-611AC50737AF}"
EndProject
Project("{FAE04EC0-301F-11D3-BF4B-00C04F79EFBC}") = "HealthyMeal.Android", "HealthyMeal.Android\HealthyMeal.Android.csproj", "{A91FB557-6A51-443B-95A7-881644F5F9A3}"
EndProject
Project("{FAE04EC0-301F-11D3-BF4B-00C04F79EFBC}") = "HealthyMeal.iOS", "HealthyMeal.iOS\HealthyMeal.iOS.csproj", "{C35039B5-7EE7-42D1-90E8-A513144860AD}"
EndProject
Project("{9A19103F-16F7-4668-BE54-9A1E7A4F7556}") = "HealthyMeal", "HealthyMeal\HealthyMeal.csproj", "{2BDB4DF8-9558-49E7-A57A-CDCF8215B9FA}"
EndProject
Project("{FAE04EC0-301F-11D3-BF4B-00C04F79EFBC}") = "HealthyMealTests", "HealthyMealTests\HealthyMealTests.csproj", "{29012745-7751-4B0A-81C1-E010499A0ECA}"
EndProject
Global
	GlobalSection(SolutionConfigurationPlatforms) = preSolution
		Debug|Any CPU = Debug|Any CPU
		Debug|ARM = Debug|ARM
		Debug|iPhone = Debug|iPhone
		Debug|iPhoneSimulator = Debug|iPhoneSimulator
		Debug|x64 = Debug|x64
		Debug|x86 = Debug|x86
		Release|Any CPU = Release|Any CPU
		Release|ARM = Release|ARM
		Release|iPhone = Release|iPhone
		Release|iPhoneSimulator = Release|iPhoneSimulator
		Release|x64 = Release|x64
		Release|x86 = Release|x86
	EndGlobalSection
	GlobalSection(ProjectConfigurationPlatforms) = postSolution
		{DA55B8C7-0AB7-4BED-8C01-611AC50737AF}.Debug|Any CPU.ActiveCfg = Debug|x64
		{DA55B8C7-0AB7-4BED-8C01-611AC50737AF}.Debug|Any CPU.Build.0 = Debug|x64
		{DA55B8C7-0AB7-4BED-8C01-611AC50737AF}.Debug|Any CPU.Deploy.0 = Debug|x64
		{DA55B8C7-0AB7-4BED-8C01-611AC50737AF}.Debug|ARM.ActiveCfg = Debug|ARM
		{DA55B8C7-0AB7-4BED-8C01-611AC50737AF}.Debug|ARM.Build.0 = Debug|ARM
		{DA55B8C7-0AB7-4BED-8C01-611AC50737AF}.Debug|ARM.Deploy.0 = Debug|ARM
		{DA55B8C7-0AB7-4BED-8C01-611AC50737AF}.Debug|iPhone.ActiveCfg = Debug|x64
		{DA55B8C7-0AB7-4BED-8C01-611AC50737AF}.Debug|iPhone.Build.0 = Debug|x64
		{DA55B8C7-0AB7-4BED-8C01-611AC50737AF}.Debug|iPhone.Deploy.0 = Debug|x64
		{DA55B8C7-0AB7-4BED-8C01-611AC50737AF}.Debug|iPhoneSimulator.ActiveCfg = Debug|x64
		{DA55B8C7-0AB7-4BED-8C01-611AC50737AF}.Debug|iPhoneSimulator.Build.0 = Debug|x64
		{DA55B8C7-0AB7-4BED-8C01-611AC50737AF}.Debug|iPhoneSimulator.Deploy.0 = Debug|x64
		{DA55B8C7-0AB7-4BED-8C01-611AC50737AF}.Debug|x64.ActiveCfg = Debug|x64
		{DA55B8C7-0AB7-4BED-8C01-611AC50737AF}.Debug|x64.Build.0 = Debug|x64
		{DA55B8C7-0AB7-4BED-8C01-611AC50737AF}.Debug|x64.Deploy.0 = Debug|x64
		{DA55B8C7-0AB7-4BED-8C01-611AC50737AF}.Debug|x86.ActiveCfg = Debug|x86
		{DA55B8C7-0AB7-4BED-8C01-611AC50737AF}.Debug|x86.Build.0 = Debug|x86
		{DA55B8C7-0AB7-4BED-8C01-611AC50737AF}.Debug|x86.Deploy.0 = Debug|x86
		{DA55B8C7-0AB7-4BED-8C01-611AC50737AF}.Release|Any CPU.ActiveCfg = Release|x64
		{DA55B8C7-0AB7-4BED-8C01-611AC50737AF}.Release|Any CPU.Build.0 = Release|x64
		{DA55B8C7-0AB7-4BED-8C01-611AC50737AF}.Release|Any CPU.Deploy.0 = Release|x64
		{DA55B8C7-0AB7-4BED-8C01-611AC50737AF}.Release|ARM.ActiveCfg = Release|ARM
		{DA55B8C7-0AB7-4BED-8C01-611AC50737AF}.Release|ARM.Build.0 = Release|ARM
		{DA55B8C7-0AB7-4BED-8C01-611AC50737AF}.Release|ARM.Deploy.0 = Release|ARM
		{DA55B8C7-0AB7-4BED-8C01-611AC50737AF}.Release|iPhone.ActiveCfg = Release|x64
		{DA55B8C7-0AB7-4BED-8C01-611AC50737AF}.Release|iPhone.Build.0 = Release|x64
		{DA55B8C7-0AB7-4BED-8C01-611AC50737AF}.Release|iPhone.Deploy.0 = Release|x64
		{DA55B8C7-0AB7-4BED-8C01-611AC50737AF}.Release|iPhoneSimulator.ActiveCfg = Release|x64
		{DA55B8C7-0AB7-4BED-8C01-611AC50737AF}.Release|iPhoneSimulator.Build.0 = Release|x64
		{DA55B8C7-0AB7-4BED-8C01-611AC50737AF}.Release|iPhoneSimulator.Deploy.0 = Release|x64
		{DA55B8C7-0AB7-4BED-8C01-611AC50737AF}.Release|x64.ActiveCfg = Release|x64
		{DA55B8C7-0AB7-4BED-8C01-611AC50737AF}.Release|x64.Build.0 = Release|x64
		{DA55B8C7-0AB7-4BED-8C01-611AC50737AF}.Release|x64.Deploy.0 = Release|x64
		{DA55B8C7-0AB7-4BED-8C01-611AC50737AF}.Release|x86.ActiveCfg = Release|x86
		{DA55B8C7-0AB7-4BED-8C01-611AC50737AF}.Release|x86.Build.0 = Release|x86
		{DA55B8C7-0AB7-4BED-8C01-611AC50737AF}.Release|x86.Deploy.0 = Release|x86
		{A91FB557-6A51-443B-95A7-881644F5F9A3}.Debug|Any CPU.ActiveCfg = Debug|Any CPU
		{A91FB557-6A51-443B-95A7-881644F5F9A3}.Debug|Any CPU.Build.0 = Debug|Any CPU
		{A91FB557-6A51-443B-95A7-881644F5F9A3}.Debug|Any CPU.Deploy.0 = Debug|Any CPU
		{A91FB557-6A51-443B-95A7-881644F5F9A3}.Debug|ARM.ActiveCfg = Debug|Any CPU
		{A91FB557-6A51-443B-95A7-881644F5F9A3}.Debug|ARM.Build.0 = Debug|Any CPU
		{A91FB557-6A51-443B-95A7-881644F5F9A3}.Debug|ARM.Deploy.0 = Debug|Any CPU
		{A91FB557-6A51-443B-95A7-881644F5F9A3}.Debug|iPhone.ActiveCfg = Debug|Any CPU
		{A91FB557-6A51-443B-95A7-881644F5F9A3}.Debug|iPhone.Build.0 = Debug|Any CPU
		{A91FB557-6A51-443B-95A7-881644F5F9A3}.Debug|iPhone.Deploy.0 = Debug|Any CPU
		{A91FB557-6A51-443B-95A7-881644F5F9A3}.Debug|iPhoneSimulator.ActiveCfg = Debug|Any CPU
		{A91FB557-6A51-443B-95A7-881644F5F9A3}.Debug|iPhoneSimulator.Build.0 = Debug|Any CPU
		{A91FB557-6A51-443B-95A7-881644F5F9A3}.Debug|iPhoneSimulator.Deploy.0 = Debug|Any CPU
		{A91FB557-6A51-443B-95A7-881644F5F9A3}.Debug|x64.ActiveCfg = Debug|Any CPU
		{A91FB557-6A51-443B-95A7-881644F5F9A3}.Debug|x64.Build.0 = Debug|Any CPU
		{A91FB557-6A51-443B-95A7-881644F5F9A3}.Debug|x64.Deploy.0 = Debug|Any CPU
		{A91FB557-6A51-443B-95A7-881644F5F9A3}.Debug|x86.ActiveCfg = Debug|Any CPU
		{A91FB557-6A51-443B-95A7-881644F5F9A3}.Debug|x86.Build.0 = Debug|Any CPU
		{A91FB557-6A51-443B-95A7-881644F5F9A3}.Debug|x86.Deploy.0 = Debug|Any CPU
		{A91FB557-6A51-443B-95A7-881644F5F9A3}.Release|Any CPU.ActiveCfg = Release|Any CPU
		{A91FB557-6A51-443B-95A7-881644F5F9A3}.Release|Any CPU.Build.0 = Release|Any CPU
		{A91FB557-6A51-443B-95A7-881644F5F9A3}.Release|Any CPU.Deploy.0 = Release|Any CPU
		{A91FB557-6A51-443B-95A7-881644F5F9A3}.Release|ARM.ActiveCfg = Release|Any CPU
		{A91FB557-6A51-443B-95A7-881644F5F9A3}.Release|ARM.Build.0 = Release|Any CPU
		{A91FB557-6A51-443B-95A7-881644F5F9A3}.Release|ARM.Deploy.0 = Release|Any CPU
		{A91FB557-6A51-443B-95A7-881644F5F9A3}.Release|iPhone.ActiveCfg = Release|Any CPU
		{A91FB557-6A51-443B-95A7-881644F5F9A3}.Release|iPhone.Build.0 = Release|Any CPU
		{A91FB557-6A51-443B-95A7-881644F5F9A3}.Release|iPhone.Deploy.0 = Release|Any CPU
		{A91FB557-6A51-443B-95A7-881644F5F9A3}.Release|iPhoneSimulator.ActiveCfg = Release|Any CPU
		{A91FB557-6A51-443B-95A7-881644F5F9A3}.Release|iPhoneSimulator.Build.0 = Release|Any CPU
		{A91FB557-6A51-443B-95A7-881644F5F9A3}.Release|iPhoneSimulator.Deploy.0 = Release|Any CPU
		{A91FB557-6A51-443B-95A7-881644F5F9A3}.Release|x64.ActiveCfg = Release|Any CPU
		{A91FB557-6A51-443B-95A7-881644F5F9A3}.Release|x64.Build.0 = Release|Any CPU
		{A91FB557-6A51-443B-95A7-881644F5F9A3}.Release|x64.Deploy.0 = Release|Any CPU
		{A91FB557-6A51-443B-95A7-881644F5F9A3}.Release|x86.ActiveCfg = Release|Any CPU
		{A91FB557-6A51-443B-95A7-881644F5F9A3}.Release|x86.Build.0 = Release|Any CPU
		{A91FB557-6A51-443B-95A7-881644F5F9A3}.Release|x86.Deploy.0 = Release|Any CPU
		{C35039B5-7EE7-42D1-90E8-A513144860AD}.Debug|Any CPU.ActiveCfg = Debug|iPhoneSimulator
		{C35039B5-7EE7-42D1-90E8-A513144860AD}.Debug|Any CPU.Build.0 = Debug|iPhoneSimulator
		{C35039B5-7EE7-42D1-90E8-A513144860AD}.Debug|Any CPU.Deploy.0 = Debug|iPhoneSimulator
		{C35039B5-7EE7-42D1-90E8-A513144860AD}.Debug|ARM.ActiveCfg = Debug|iPhoneSimulator
		{C35039B5-7EE7-42D1-90E8-A513144860AD}.Debug|ARM.Build.0 = Debug|iPhoneSimulator
		{C35039B5-7EE7-42D1-90E8-A513144860AD}.Debug|ARM.Deploy.0 = Debug|iPhoneSimulator
		{C35039B5-7EE7-42D1-90E8-A513144860AD}.Debug|iPhone.ActiveCfg = Debug|iPhone
		{C35039B5-7EE7-42D1-90E8-A513144860AD}.Debug|iPhone.Build.0 = Debug|iPhone
		{C35039B5-7EE7-42D1-90E8-A513144860AD}.Debug|iPhone.Deploy.0 = Debug|iPhone
		{C35039B5-7EE7-42D1-90E8-A513144860AD}.Debug|iPhoneSimulator.ActiveCfg = Debug|iPhoneSimulator
		{C35039B5-7EE7-42D1-90E8-A513144860AD}.Debug|iPhoneSimulator.Build.0 = Debug|iPhoneSimulator
		{C35039B5-7EE7-42D1-90E8-A513144860AD}.Debug|iPhoneSimulator.Deploy.0 = Debug|iPhoneSimulator
		{C35039B5-7EE7-42D1-90E8-A513144860AD}.Debug|x64.ActiveCfg = Debug|iPhone
		{C35039B5-7EE7-42D1-90E8-A513144860AD}.Debug|x64.Build.0 = Debug|iPhone
		{C35039B5-7EE7-42D1-90E8-A513144860AD}.Debug|x64.Deploy.0 = Debug|iPhone
		{C35039B5-7EE7-42D1-90E8-A513144860AD}.Debug|x86.ActiveCfg = Debug|iPhoneSimulator
		{C35039B5-7EE7-42D1-90E8-A513144860AD}.Debug|x86.Build.0 = Debug|iPhoneSimulator
		{C35039B5-7EE7-42D1-90E8-A513144860AD}.Debug|x86.Deploy.0 = Debug|iPhoneSimulator
		{C35039B5-7EE7-42D1-90E8-A513144860AD}.Release|Any CPU.ActiveCfg = Release|iPhoneSimulator
		{C35039B5-7EE7-42D1-90E8-A513144860AD}.Release|Any CPU.Build.0 = Release|iPhoneSimulator
		{C35039B5-7EE7-42D1-90E8-A513144860AD}.Release|Any CPU.Deploy.0 = Release|iPhoneSimulator
		{C35039B5-7EE7-42D1-90E8-A513144860AD}.Release|ARM.ActiveCfg = Release|iPhoneSimulator
		{C35039B5-7EE7-42D1-90E8-A513144860AD}.Release|ARM.Build.0 = Release|iPhoneSimulator
		{C35039B5-7EE7-42D1-90E8-A513144860AD}.Release|ARM.Deploy.0 = Release|iPhoneSimulator
		{C35039B5-7EE7-42D1-90E8-A513144860AD}.Release|iPhone.ActiveCfg = Release|iPhone
		{C35039B5-7EE7-42D1-90E8-A513144860AD}.Release|iPhone.Build.0 = Release|iPhone
		{C35039B5-7EE7-42D1-90E8-A513144860AD}.Release|iPhone.Deploy.0 = Release|iPhone
		{C35039B5-7EE7-42D1-90E8-A513144860AD}.Release|iPhoneSimulator.ActiveCfg = Release|iPhoneSimulator
		{C35039B5-7EE7-42D1-90E8-A513144860AD}.Release|iPhoneSimulator.Build.0 = Release|iPhoneSimulator
		{C35039B5-7EE7-42D1-90E8-A513144860AD}.Release|iPhoneSimulator.Deploy.0 = Release|iPhoneSimulator
		{C35039B5-7EE7-42D1-90E8-A513144860AD}.Release|x64.ActiveCfg = Release|iPhoneSimulator
		{C35039B5-7EE7-42D1-90E8-A513144860AD}.Release|x64.Build.0 = Release|iPhoneSimulator
		{C35039B5-7EE7-42D1-90E8-A513144860AD}.Release|x64.Deploy.0 = Release|iPhoneSimulator
		{C35039B5-7EE7-42D1-90E8-A513144860AD}.Release|x86.ActiveCfg = Release|iPhoneSimulator
		{C35039B5-7EE7-42D1-90E8-A513144860AD}.Release|x86.Build.0 = Release|iPhoneSimulator
		{C35039B5-7EE7-42D1-90E8-A513144860AD}.Release|x86.Deploy.0 = Release|iPhoneSimulator
		{2BDB4DF8-9558-49E7-A57A-CDCF8215B9FA}.Debug|Any CPU.ActiveCfg = Debug|Any CPU
		{2BDB4DF8-9558-49E7-A57A-CDCF8215B9FA}.Debug|Any CPU.Build.0 = Debug|Any CPU
		{2BDB4DF8-9558-49E7-A57A-CDCF8215B9FA}.Debug|Any CPU.Deploy.0 = Debug|Any CPU
		{2BDB4DF8-9558-49E7-A57A-CDCF8215B9FA}.Debug|ARM.ActiveCfg = Debug|Any CPU
		{2BDB4DF8-9558-49E7-A57A-CDCF8215B9FA}.Debug|ARM.Build.0 = Debug|Any CPU
		{2BDB4DF8-9558-49E7-A57A-CDCF8215B9FA}.Debug|ARM.Deploy.0 = Debug|Any CPU
		{2BDB4DF8-9558-49E7-A57A-CDCF8215B9FA}.Debug|iPhone.ActiveCfg = Debug|Any CPU
		{2BDB4DF8-9558-49E7-A57A-CDCF8215B9FA}.Debug|iPhone.Build.0 = Debug|Any CPU
		{2BDB4DF8-9558-49E7-A57A-CDCF8215B9FA}.Debug|iPhone.Deploy.0 = Debug|Any CPU
		{2BDB4DF8-9558-49E7-A57A-CDCF8215B9FA}.Debug|iPhoneSimulator.ActiveCfg = Debug|Any CPU
		{2BDB4DF8-9558-49E7-A57A-CDCF8215B9FA}.Debug|iPhoneSimulator.Build.0 = Debug|Any CPU
		{2BDB4DF8-9558-49E7-A57A-CDCF8215B9FA}.Debug|iPhoneSimulator.Deploy.0 = Debug|Any CPU
		{2BDB4DF8-9558-49E7-A57A-CDCF8215B9FA}.Debug|x64.ActiveCfg = Debug|Any CPU
		{2BDB4DF8-9558-49E7-A57A-CDCF8215B9FA}.Debug|x64.Build.0 = Debug|Any CPU
		{2BDB4DF8-9558-49E7-A57A-CDCF8215B9FA}.Debug|x64.Deploy.0 = Debug|Any CPU
		{2BDB4DF8-9558-49E7-A57A-CDCF8215B9FA}.Debug|x86.ActiveCfg = Debug|Any CPU
		{2BDB4DF8-9558-49E7-A57A-CDCF8215B9FA}.Debug|x86.Build.0 = Debug|Any CPU
		{2BDB4DF8-9558-49E7-A57A-CDCF8215B9FA}.Debug|x86.Deploy.0 = Debug|Any CPU
		{2BDB4DF8-9558-49E7-A57A-CDCF8215B9FA}.Release|Any CPU.ActiveCfg = Release|Any CPU
		{2BDB4DF8-9558-49E7-A57A-CDCF8215B9FA}.Release|Any CPU.Build.0 = Release|Any CPU
		{2BDB4DF8-9558-49E7-A57A-CDCF8215B9FA}.Release|Any CPU.Deploy.0 = Release|Any CPU
		{2BDB4DF8-9558-49E7-A57A-CDCF8215B9FA}.Release|ARM.ActiveCfg = Release|Any CPU
		{2BDB4DF8-9558-49E7-A57A-CDCF8215B9FA}.Release|ARM.Build.0 = Release|Any CPU
		{2BDB4DF8-9558-49E7-A57A-CDCF8215B9FA}.Release|ARM.Deploy.0 = Release|Any CPU
		{2BDB4DF8-9558-49E7-A57A-CDCF8215B9FA}.Release|iPhone.ActiveCfg = Release|Any CPU
		{2BDB4DF8-9558-49E7-A57A-CDCF8215B9FA}.Release|iPhone.Build.0 = Release|Any CPU
		{2BDB4DF8-9558-49E7-A57A-CDCF8215B9FA}.Release|iPhone.Deploy.0 = Release|Any CPU
		{2BDB4DF8-9558-49E7-A57A-CDCF8215B9FA}.Release|iPhoneSimulator.ActiveCfg = Release|Any CPU
		{2BDB4DF8-9558-49E7-A57A-CDCF8215B9FA}.Release|iPhoneSimulator.Build.0 = Release|Any CPU
		{2BDB4DF8-9558-49E7-A57A-CDCF8215B9FA}.Release|iPhoneSimulator.Deploy.0 = Release|Any CPU
		{2BDB4DF8-9558-49E7-A57A-CDCF8215B9FA}.Release|x64.ActiveCfg = Release|Any CPU
		{2BDB4DF8-9558-49E7-A57A-CDCF8215B9FA}.Release|x64.Build.0 = Release|Any CPU
		{2BDB4DF8-9558-49E7-A57A-CDCF8215B9FA}.Release|x64.Deploy.0 = Release|Any CPU
		{2BDB4DF8-9558-49E7-A57A-CDCF8215B9FA}.Release|x86.ActiveCfg = Release|Any CPU
		{2BDB4DF8-9558-49E7-A57A-CDCF8215B9FA}.Release|x86.Build.0 = Release|Any CPU
		{2BDB4DF8-9558-49E7-A57A-CDCF8215B9FA}.Release|x86.Deploy.0 = Release|Any CPU
		{29012745-7751-4B0A-81C1-E010499A0ECA}.Debug|Any CPU.ActiveCfg = Debug|Any CPU
		{29012745-7751-4B0A-81C1-E010499A0ECA}.Debug|Any CPU.Build.0 = Debug|Any CPU
		{29012745-7751-4B0A-81C1-E010499A0ECA}.Debug|ARM.ActiveCfg = Debug|Any CPU
		{29012745-7751-4B0A-81C1-E010499A0ECA}.Debug|ARM.Build.0 = Debug|Any CPU
		{29012745-7751-4B0A-81C1-E010499A0ECA}.Debug|iPhone.ActiveCfg = Debug|Any CPU
		{29012745-7751-4B0A-81C1-E010499A0ECA}.Debug|iPhone.Build.0 = Debug|Any CPU
		{29012745-7751-4B0A-81C1-E010499A0ECA}.Debug|iPhoneSimulator.ActiveCfg = Debug|Any CPU
		{29012745-7751-4B0A-81C1-E010499A0ECA}.Debug|iPhoneSimulator.Build.0 = Debug|Any CPU
		{29012745-7751-4B0A-81C1-E010499A0ECA}.Debug|x64.ActiveCfg = Debug|Any CPU
		{29012745-7751-4B0A-81C1-E010499A0ECA}.Debug|x64.Build.0 = Debug|Any CPU
		{29012745-7751-4B0A-81C1-E010499A0ECA}.Debug|x86.ActiveCfg = Debug|Any CPU
		{29012745-7751-4B0A-81C1-E010499A0ECA}.Debug|x86.Build.0 = Debug|Any CPU
		{29012745-7751-4B0A-81C1-E010499A0ECA}.Release|Any CPU.ActiveCfg = Release|Any CPU
		{29012745-7751-4B0A-81C1-E010499A0ECA}.Release|Any CPU.Build.0 = Release|Any CPU
		{29012745-7751-4B0A-81C1-E010499A0ECA}.Release|ARM.ActiveCfg = Release|Any CPU
		{29012745-7751-4B0A-81C1-E010499A0ECA}.Release|ARM.Build.0 = Release|Any CPU
		{29012745-7751-4B0A-81C1-E010499A0ECA}.Release|iPhone.ActiveCfg = Release|Any CPU
		{29012745-7751-4B0A-81C1-E010499A0ECA}.Release|iPhone.Build.0 = Release|Any CPU
		{29012745-7751-4B0A-81C1-E010499A0ECA}.Release|iPhoneSimulator.ActiveCfg = Release|Any CPU
		{29012745-7751-4B0A-81C1-E010499A0ECA}.Release|iPhoneSimulator.Build.0 = Release|Any CPU
		{29012745-7751-4B0A-81C1-E010499A0ECA}.Release|x64.ActiveCfg = Release|Any CPU
		{29012745-7751-4B0A-81C1-E010499A0ECA}.Release|x64.Build.0 = Release|Any CPU
		{29012745-7751-4B0A-81C1-E010499A0ECA}.Release|x86.ActiveCfg = Release|Any CPU
		{29012745-7751-4B0A-81C1-E010499A0ECA}.Release|x86.Build.0 = Release|Any CPU
	EndGlobalSection
	GlobalSection(SolutionProperties) = preSolution
		HideSolutionNode = FALSE
	EndGlobalSection
	GlobalSection(ExtensibilityGlobals) = postSolution
		SolutionGuid = {BE3599AE-C54B-4F3C-A7E4-291F2BA9127D}
	EndGlobalSection
EndGlobal
